<?xml version="1.0" encoding="utf-8"?>
<Project ToolsVersion="4.0" xmlns="http://schemas.microsoft.com/developer/msbuild/2003">
  <ItemGroup>
    <Filter Include="Source Files">
      <UniqueIdentifier>{4FC737F1-C7A5-4376-A066-2A32D752A2FF}</UniqueIdentifier>
      <Extensions>cpp;c;cc;cxx;def;odl;idl;hpj;bat;asm;asmx</Extensions>
    </Filter>
    <Filter Include="Header Files">
      <UniqueIdentifier>{93995380-89BD-4b04-88EB-625FBE52EBFB}</UniqueIdentifier>
      <Extensions>h;hh;hpp;hxx;hm;inl;inc;xsd</Extensions>
    </Filter>
    <Filter Include="Resource Files">
      <UniqueIdentifier>{67DA6AB6-F800-4c08-8B7A-83BB121AAD01}</UniqueIdentifier>
      <Extensions>rc;ico;cur;bmp;dlg;rc2;rct;bin;rgs;gif;jpg;jpeg;jpe;resx;tiff;tif;png;wav;mfcribbon-ms</Extensions>
    </Filter>
  </ItemGroup>
  <ItemGroup>
    <ClInclude Include="ScreenCaptureProvider.h">
      <Filter>Header Files</Filter>
    </ClInclude>
    <ClInclude Include="ScreenVideoCapture.h">
      <Filter>Header Files</Filter>
    </ClInclude>
    <ClInclude Include="VDesktop.h">
      <Filter>Header Files</Filter>
    </ClInclude>
    <ClInclude Include="VDesktopRenderer.h">
      <Filter>Header Files</Filter>
    </ClInclude>
    <ClInclude Include="VDOSGRenderer.h">
      <Filter>Header Files</Filter>
    </ClInclude>
    <ClInclude Include="VDDesktopImpl.h">
      <Filter>Header Files</Filter>
    </ClInclude>
    <ClInclude Include="VDesktopManager.h">
      <Filter>Header Files</Filter>
    </ClInclude>
    <ClInclude Include="VDOSGViewer.h">
      <Filter>Header Files</Filter>
    </ClInclude>
    <ClInclude Include="Logger.h">
      <Filter>Header Files</Filter>
    </ClInclude>
    <ClInclude Include="VDDesktopLayoutStrategy.h">
      <Filter>Header Files</Filter>
    </ClInclude>
    <ClInclude Include="VDDefaultDesktopLayout.h">
      <Filter>Header Files</Filter>
    </ClInclude>
    <ClInclude Include="VDIMU.h">
      <Filter>Header Files</Filter>
    </ClInclude>
    <ClInclude Include="VDIMUManager.h">
      <Filter>Header Files</Filter>
    </ClInclude>
  </ItemGroup>
  <ItemGroup>
    <ClCompile Include="ScreenVideoCapture.cpp">
      <Filter>Source Files</Filter>
    </ClCompile>
    <ClCompile Include="Main.cpp">
      <Filter>Source Files</Filter>
    </ClCompile>
    <ClCompile Include="ScreenCaptureProvider.cpp">
      <Filter>Source Files</Filter>
    </ClCompile>
    <ClCompile Include="VDOSGRenderer.cpp">
      <Filter>Source Files</Filter>
    </ClCompile>
    <ClCompile Include="VDDesktopImpl.cpp">
      <Filter>Source Files</Filter>
    </ClCompile>
    <ClCompile Include="VDesktopManager.cpp">
      <Filter>Source Files</Filter>
    </ClCompile>
    <ClCompile Include="VDOSGViewer.cpp">
      <Filter>Source Files</Filter>
    </ClCompile>
    <ClCompile Include="Logger.cpp">
      <Filter>Source Files</Filter>
    </ClCompile>
    <ClCompile Include="VDDefaultDesktopLayout.cpp">
      <Filter>Source Files</Filter>
    </ClCompile>
    <ClCompile Include="VDIMUManager.cpp">
      <Filter>Source Files</Filter>
    </ClCompile>
    <ClCompile Include="VDIMU.cpp">
      <Filter>Source Files</Filter>
    </ClCompile>
  </ItemGroup>
</Project>